<?xml version="1.0" encoding="utf-8"?>
<Project ToolsVersion="14.0" xmlns="http://schemas.microsoft.com/developer/msbuild/2003">
  <ItemGroup>
    <Filter Include="Common">
      <UniqueIdentifier>867b1528-7f97-498f-b083-4f6a8c0cfb93</UniqueIdentifier>
    </Filter>
    <Filter Include="Assets">
      <UniqueIdentifier>b1db0498-2683-4525-924c-20ca62e6baa3</UniqueIdentifier>
      <Extensions>bmp;fbx;gif;jpg;jpeg;tga;tiff;tif;png</Extensions>
    </Filter>
    <Filter Include="sl">
      <UniqueIdentifier>{51c8953c-af35-4436-ad3a-9ff86a8072a4}</UniqueIdentifier>
    </Filter>
    <Filter Include="pdcurses">
      <UniqueIdentifier>{c6e9a2d4-b8ba-4b97-b159-7bc796cb7d34}</UniqueIdentifier>
    </Filter>
  </ItemGroup>
  <ItemGroup>
    <ClCompile Include="pch.cpp" />
    <ClCompile Include="src\sl\sl.c">
      <Filter>sl</Filter>
    </ClCompile>
    <ClCompile Include="src\pdcurses\wincon\pdcdisp.c">
      <Filter>pdcurses</Filter>
    </ClCompile>
    <ClCompile Include="src\pdcurses\wincon\pdcgetsc.c">
      <Filter>pdcurses</Filter>
    </ClCompile>
    <ClCompile Include="src\pdcurses\wincon\pdckbd.c">
      <Filter>pdcurses</Filter>
    </ClCompile>
    <ClCompile Include="src\pdcurses\wincon\pdcscrn.c">
      <Filter>pdcurses</Filter>
    </ClCompile>
    <ClCompile Include="src\pdcurses\wincon\pdcsetsc.c">
      <Filter>pdcurses</Filter>
    </ClCompile>
    <ClCompile Include="src\pdcurses\wincon\pdcutil.c">
      <Filter>pdcurses</Filter>
    </ClCompile>
    <ClCompile Include="src\pdcurses\pdcurses\addch.c">
      <Filter>pdcurses</Filter>
    </ClCompile>
    <ClCompile Include="src\pdcurses\pdcurses\addchstr.c">
      <Filter>pdcurses</Filter>
    </ClCompile>
    <ClCompile Include="src\pdcurses\pdcurses\addstr.c">
      <Filter>pdcurses</Filter>
    </ClCompile>
    <ClCompile Include="src\pdcurses\pdcurses\attr.c">
      <Filter>pdcurses</Filter>
    </ClCompile>
    <ClCompile Include="src\pdcurses\pdcurses\beep.c">
      <Filter>pdcurses</Filter>
    </ClCompile>
    <ClCompile Include="src\pdcurses\pdcurses\bkgd.c">
      <Filter>pdcurses</Filter>
    </ClCompile>
    <ClCompile Include="src\pdcurses\pdcurses\border.c">
      <Filter>pdcurses</Filter>
    </ClCompile>
    <ClCompile Include="src\pdcurses\pdcurses\clear.c">
      <Filter>pdcurses</Filter>
    </ClCompile>
    <ClCompile Include="src\pdcurses\pdcurses\color.c">
      <Filter>pdcurses</Filter>
    </ClCompile>
    <ClCompile Include="src\pdcurses\pdcurses\debug.c">
      <Filter>pdcurses</Filter>
    </ClCompile>
    <ClCompile Include="src\pdcurses\pdcurses\delch.c">
      <Filter>pdcurses</Filter>
    </ClCompile>
    <ClCompile Include="src\pdcurses\pdcurses\deleteln.c">
      <Filter>pdcurses</Filter>
    </ClCompile>
    <ClCompile Include="src\pdcurses\pdcurses\deprec.c">
      <Filter>pdcurses</Filter>
    </ClCompile>
    <ClCompile Include="src\pdcurses\pdcurses\getch.c">
      <Filter>pdcurses</Filter>
    </ClCompile>
    <ClCompile Include="src\pdcurses\pdcurses\getstr.c">
      <Filter>pdcurses</Filter>
    </ClCompile>
    <ClCompile Include="src\pdcurses\pdcurses\getyx.c">
      <Filter>pdcurses</Filter>
    </ClCompile>
    <ClCompile Include="src\pdcurses\pdcurses\inch.c">
      <Filter>pdcurses</Filter>
    </ClCompile>
    <ClCompile Include="src\pdcurses\pdcurses\inchstr.c">
      <Filter>pdcurses</Filter>
    </ClCompile>
    <ClCompile Include="src\pdcurses\pdcurses\initscr.c">
      <Filter>pdcurses</Filter>
    </ClCompile>
    <ClCompile Include="src\pdcurses\pdcurses\inopts.c">
      <Filter>pdcurses</Filter>
    </ClCompile>
    <ClCompile Include="src\pdcurses\pdcurses\insch.c">
      <Filter>pdcurses</Filter>
    </ClCompile>
    <ClCompile Include="src\pdcurses\pdcurses\insstr.c">
      <Filter>pdcurses</Filter>
    </ClCompile>
    <ClCompile Include="src\pdcurses\pdcurses\instr.c">
      <Filter>pdcurses</Filter>
    </ClCompile>
    <ClCompile Include="src\pdcurses\pdcurses\kernel.c">
      <Filter>pdcurses</Filter>
    </ClCompile>
    <ClCompile Include="src\pdcurses\pdcurses\keyname.c">
      <Filter>pdcurses</Filter>
    </ClCompile>
    <ClCompile Include="src\pdcurses\pdcurses\mouse.c">
      <Filter>pdcurses</Filter>
    </ClCompile>
    <ClCompile Include="src\pdcurses\pdcurses\move.c">
      <Filter>pdcurses</Filter>
    </ClCompile>
    <ClCompile Include="src\pdcurses\pdcurses\outopts.c">
      <Filter>pdcurses</Filter>
    </ClCompile>
    <ClCompile Include="src\pdcurses\pdcurses\overlay.c">
      <Filter>pdcurses</Filter>
    </ClCompile>
    <ClCompile Include="src\pdcurses\pdcurses\pad.c">
      <Filter>pdcurses</Filter>
    </ClCompile>
    <ClCompile Include="src\pdcurses\pdcurses\panel.c">
      <Filter>pdcurses</Filter>
    </ClCompile>
    <ClCompile Include="src\pdcurses\pdcurses\printw.c">
      <Filter>pdcurses</Filter>
    </ClCompile>
    <ClCompile Include="src\pdcurses\pdcurses\refresh.c">
      <Filter>pdcurses</Filter>
    </ClCompile>
    <ClCompile Include="src\pdcurses\pdcurses\scanw.c">
      <Filter>pdcurses</Filter>
    </ClCompile>
    <ClCompile Include="src\pdcurses\pdcurses\scr_dump.c">
      <Filter>pdcurses</Filter>
    </ClCompile>
    <ClCompile Include="src\pdcurses\pdcurses\scroll.c">
      <Filter>pdcurses</Filter>
    </ClCompile>
    <ClCompile Include="src\pdcurses\pdcurses\slk.c">
      <Filter>pdcurses</Filter>
    </ClCompile>
    <ClCompile Include="src\pdcurses\pdcurses\termattr.c">
      <Filter>pdcurses</Filter>
    </ClCompile>
    <ClCompile Include="src\pdcurses\pdcurses\terminfo.c">
      <Filter>pdcurses</Filter>
    </ClCompile>
    <ClCompile Include="src\pdcurses\pdcurses\touch.c">
      <Filter>pdcurses</Filter>
    </ClCompile>
    <ClCompile Include="src\pdcurses\pdcurses\util.c">
      <Filter>pdcurses</Filter>
    </ClCompile>
    <ClCompile Include="src\pdcurses\pdcurses\window.c">
      <Filter>pdcurses</Filter>
    </ClCompile>
  </ItemGroup>
  <ItemGroup>
    <ClInclude Include="pch.h" />
    <ClInclude Include="src\sl\sl.h">
      <Filter>sl</Filter>
    </ClInclude>
    <ClInclude Include="src\pdcurses\curses.h">
      <Filter>pdcurses</Filter>
    </ClInclude>
  </ItemGroup>
  <ItemGroup>
    <Image Include="Assets\LockScreenLogo.scale-200.png">
      <Filter>Assets</Filter>
    </Image>
    <Image Include="Assets\SplashScreen.scale-200.png">
      <Filter>Assets</Filter>
    </Image>
    <Image Include="Assets\Square150x150Logo.scale-200.png">
      <Filter>Assets</Filter>
    </Image>
    <Image Include="Assets\Square44x44Logo.scale-200.png">
      <Filter>Assets</Filter>
    </Image>
    <Image Include="Assets\Square44x44Logo.targetsize-24_altform-unplated.png">
      <Filter>Assets</Filter>
    </Image>
    <Image Include="Assets\StoreLogo.png">
      <Filter>Assets</Filter>
    </Image>
    <Image Include="Assets\Wide310x150Logo.scale-200.png">
      <Filter>Assets</Filter>
    </Image>
  </ItemGroup>
  <ItemGroup>
    <AppxManifest Include="Package.appxmanifest" />
  </ItemGroup>
  <ItemGroup>
    <None Include="sl-uwp_TemporaryKey.pfx" />
    <None Include="README.md" />
  </ItemGroup>
</Project>